
Microsoft Visual Studio Solution File, Format Version 12.00
# Visual Studio Version 16
VisualStudioVersion = 16.0.31702.278
MinimumVisualStudioVersion = 10.0.40219.1
Project("{8BC9CEB8-8B4A-11D0-8D11-00A0C91BC942}") = "P16", "P16\P16.vcxproj", "{58E5D8AA-FCEE-48EF-AC50-35267C6B9EC9}"
EndProject
Global
	GlobalSection(SolutionConfigurationPlatforms) = preSolution
		Debug|x64 = Debug|x64
		Debug|x86 = Debug|x86
		Release|x64 = Release|x64
		Release|x86 = Release|x86
	EndGlobalSection
	GlobalSection(ProjectConfigurationPlatforms) = postSolution
		{58E5D8AA-FCEE-48EF-AC50-35267C6B9EC9}.Debug|x64.ActiveCfg = Debug|x64
		{58E5D8AA-FCEE-48EF-AC50-35267C6B9EC9}.Debug|x64.Build.0 = Debug|x64
		{58E5D8AA-FCEE-48EF-AC50-35267C6B9EC9}.Debug|x86.ActiveCfg = Debug|Win32
		{58E5D8AA-FCEE-48EF-AC50-35267C6B9EC9}.Debug|x86.Build.0 = Debug|Win32
		{58E5D8AA-FCEE-48EF-AC50-35267C6B9EC9}.Release|x64.ActiveCfg = Release|x64
		{58E5D8AA-FCEE-48EF-AC50-35267C6B9EC9}.Release|x64.Build.0 = Release|x64
		{58E5D8AA-FCEE-48EF-AC50-35267C6B9EC9}.Release|x86.ActiveCfg = Release|Win32
		{58E5D8AA-FCEE-48EF-AC50-35267C6B9EC9}.Release|x86.Build.0 = Release|Win32
	EndGlobalSection
	GlobalSection(SolutionProperties) = preSolution
		HideSolutionNode = FALSE
	EndGlobalSection
	GlobalSection(ExtensibilityGlobals) = postSolution
		SolutionGuid = {2BBA14C0-72E0-477F-9D9A-5288DB521D27}
	EndGlobalSection
EndGlobal
